
Microsoft Visual Studio Solution File, Format Version 12.00
# Visual Studio Version 17
VisualStudioVersion = 17.3.32929.385
MinimumVisualStudioVersion = 10.0.40219.1
Project("{FAE04EC0-301F-11D3-BF4B-00C04F79EFBC}") = "WpfApp12", "WpfApp12\WpfApp12.csproj", "{4B92C250-7397-492C-A608-B8B5C202E737}"
EndProject
Global
	GlobalSection(SolutionConfigurationPlatforms) = preSolution
		Debug|Any CPU = Debug|Any CPU
		Release|Any CPU = Release|Any CPU
	EndGlobalSection
	GlobalSection(ProjectConfigurationPlatforms) = postSolution
		{4B92C250-7397-492C-A608-B8B5C202E737}.Debug|Any CPU.ActiveCfg = Debug|Any CPU
		{4B92C250-7397-492C-A608-B8B5C202E737}.Debug|Any CPU.Build.0 = Debug|Any CPU
		{4B92C250-7397-492C-A608-B8B5C202E737}.Release|Any CPU.ActiveCfg = Release|Any CPU
		{4B92C250-7397-492C-A608-B8B5C202E737}.Release|Any CPU.Build.0 = Release|Any CPU
	EndGlobalSection
	GlobalSection(SolutionProperties) = preSolution
		HideSolutionNode = FALSE
	EndGlobalSection
	GlobalSection(ExtensibilityGlobals) = postSolution
		SolutionGuid = {D4C157E1-106C-4C0B-873F-2D5D0603E970}
	EndGlobalSection
EndGlobal
